
Microsoft Visual Studio Solution File, Format Version 12.00
Project("{FAE04EC0-301F-11D3-BF4B-00C04F79EFBC}") = "FlatMate.Education", "FlatMate.Education\FlatMate.Education.csproj", "{CDB061CE-A61A-455A-B98A-FDDC82D5BA53}"
EndProject
Global
	GlobalSection(SolutionConfigurationPlatforms) = preSolution
		Debug|Any CPU = Debug|Any CPU
		Release|Any CPU = Release|Any CPU
	EndGlobalSection
	GlobalSection(ProjectConfigurationPlatforms) = postSolution
		{CDB061CE-A61A-455A-B98A-FDDC82D5BA53}.Debug|Any CPU.ActiveCfg = Debug|Any CPU
		{CDB061CE-A61A-455A-B98A-FDDC82D5BA53}.Debug|Any CPU.Build.0 = Debug|Any CPU
		{CDB061CE-A61A-455A-B98A-FDDC82D5BA53}.Release|Any CPU.ActiveCfg = Release|Any CPU
		{CDB061CE-A61A-455A-B98A-FDDC82D5BA53}.Release|Any CPU.Build.0 = Release|Any CPU
	EndGlobalSection
EndGlobal
